
Microsoft Visual Studio Solution File, Format Version 12.00
# Visual Studio Version 16
VisualStudioVersion = 16.0.29926.136
MinimumVisualStudioVersion = 10.0.40219.1
Project("{2150E333-8FDC-42A3-9474-1A3956D46DE8}") = "Solution Items", "Solution Items", "{E64299C5-7894-4ADE-8010-28BF09EB49F1}"
	ProjectSection(SolutionItems) = preProject
		LICENSE = LICENSE
		README.md = README.md
	EndProjectSection
EndProject
Project("{9A19103F-16F7-4668-BE54-9A1E7A4F7556}") = "SaintCoinach", "SaintCoinach\SaintCoinach.csproj", "{C72F542F-D946-4A04-80C2-741B87808ABE}"
EndProject
Project("{9A19103F-16F7-4668-BE54-9A1E7A4F7556}") = "DotSquish", "DotSquish\DotSquish.csproj", "{CC4B702F-628C-4E1E-B0E3-C426AFD968F3}"
EndProject
Global
	GlobalSection(SolutionConfigurationPlatforms) = preSolution
		Debug|Any CPU = Debug|Any CPU
		Release|Any CPU = Release|Any CPU
	EndGlobalSection
	GlobalSection(ProjectConfigurationPlatforms) = postSolution
		{C72F542F-D946-4A04-80C2-741B87808ABE}.Debug|Any CPU.ActiveCfg = Debug|Any CPU
		{C72F542F-D946-4A04-80C2-741B87808ABE}.Debug|Any CPU.Build.0 = Debug|Any CPU
		{C72F542F-D946-4A04-80C2-741B87808ABE}.Release|Any CPU.ActiveCfg = Release|Any CPU
		{C72F542F-D946-4A04-80C2-741B87808ABE}.Release|Any CPU.Build.0 = Release|Any CPU
		{CC4B702F-628C-4E1E-B0E3-C426AFD968F3}.Debug|Any CPU.ActiveCfg = Debug|Any CPU
		{CC4B702F-628C-4E1E-B0E3-C426AFD968F3}.Debug|Any CPU.Build.0 = Debug|Any CPU
		{CC4B702F-628C-4E1E-B0E3-C426AFD968F3}.Release|Any CPU.ActiveCfg = Release|Any CPU
		{CC4B702F-628C-4E1E-B0E3-C426AFD968F3}.Release|Any CPU.Build.0 = Release|Any CPU
	EndGlobalSection
	GlobalSection(SolutionProperties) = preSolution
		HideSolutionNode = FALSE
	EndGlobalSection
	GlobalSection(ExtensibilityGlobals) = postSolution
		SolutionGuid = {38B9D19B-5177-445E-8E3F-6C69A809DAB9}
		EnterpriseLibraryConfigurationToolBinariesPathV6 = packages\EnterpriseLibrary.Common.6.0.1304.0\lib\NET45;packages\EnterpriseLibrary.Logging.6.0.1304.0\lib\NET45;packages\EnterpriseLibrary.ExceptionHandling.6.0.1304.0\lib\NET45
	EndGlobalSection
EndGlobal
